
Microsoft Visual Studio Solution File, Format Version 12.00
# Visual Studio 15
VisualStudioVersion = 15.0.28010.2016
MinimumVisualStudioVersion = 10.0.40219.1
Project("{FAE04EC0-301F-11D3-BF4B-00C04F79EFBC}") = "QLFS_Test1", "QLFS_Test1\QLFS_Test1.csproj", "{55BB6436-2F90-4DA1-B485-FF13A7E7926E}"
EndProject
Global
	GlobalSection(SolutionConfigurationPlatforms) = preSolution
		Debug|Any CPU = Debug|Any CPU
		Release|Any CPU = Release|Any CPU
	EndGlobalSection
	GlobalSection(ProjectConfigurationPlatforms) = postSolution
		{55BB6436-2F90-4DA1-B485-FF13A7E7926E}.Debug|Any CPU.ActiveCfg = Debug|Any CPU
		{55BB6436-2F90-4DA1-B485-FF13A7E7926E}.Debug|Any CPU.Build.0 = Debug|Any CPU
		{55BB6436-2F90-4DA1-B485-FF13A7E7926E}.Release|Any CPU.ActiveCfg = Release|Any CPU
		{55BB6436-2F90-4DA1-B485-FF13A7E7926E}.Release|Any CPU.Build.0 = Release|Any CPU
	EndGlobalSection
	GlobalSection(SolutionProperties) = preSolution
		HideSolutionNode = FALSE
	EndGlobalSection
	GlobalSection(ExtensibilityGlobals) = postSolution
		SolutionGuid = {44D58A8E-E6EA-4176-8295-E96459A65B0D}
	EndGlobalSection
EndGlobal
